
Microsoft Visual Studio Solution File, Format Version 12.00
# Visual Studio Version 17
VisualStudioVersion = 17.1.32407.343
MinimumVisualStudioVersion = 10.0.40219.1
Project("{F2A71F9B-5D33-465A-A702-920D77279786}") = "Server1", "TwoServers\Server1.fsproj", "{4F2B12B8-F7EF-41FB-AA4C-7273DDF8E952}"
EndProject
Project("{F2A71F9B-5D33-465A-A702-920D77279786}") = "Server2", "Server2\Server2.fsproj", "{4C1467ED-4580-4F75-BB5A-DA5D6F2C3BB0}"
EndProject
Global
	GlobalSection(SolutionConfigurationPlatforms) = preSolution
		Debug|Any CPU = Debug|Any CPU
		Release|Any CPU = Release|Any CPU
	EndGlobalSection
	GlobalSection(ProjectConfigurationPlatforms) = postSolution
		{4F2B12B8-F7EF-41FB-AA4C-7273DDF8E952}.Debug|Any CPU.ActiveCfg = Debug|Any CPU
		{4F2B12B8-F7EF-41FB-AA4C-7273DDF8E952}.Debug|Any CPU.Build.0 = Debug|Any CPU
		{4F2B12B8-F7EF-41FB-AA4C-7273DDF8E952}.Release|Any CPU.ActiveCfg = Release|Any CPU
		{4F2B12B8-F7EF-41FB-AA4C-7273DDF8E952}.Release|Any CPU.Build.0 = Release|Any CPU
		{4C1467ED-4580-4F75-BB5A-DA5D6F2C3BB0}.Debug|Any CPU.ActiveCfg = Debug|Any CPU
		{4C1467ED-4580-4F75-BB5A-DA5D6F2C3BB0}.Debug|Any CPU.Build.0 = Debug|Any CPU
		{4C1467ED-4580-4F75-BB5A-DA5D6F2C3BB0}.Release|Any CPU.ActiveCfg = Release|Any CPU
		{4C1467ED-4580-4F75-BB5A-DA5D6F2C3BB0}.Release|Any CPU.Build.0 = Release|Any CPU
	EndGlobalSection
	GlobalSection(SolutionProperties) = preSolution
		HideSolutionNode = FALSE
	EndGlobalSection
	GlobalSection(ExtensibilityGlobals) = postSolution
		SolutionGuid = {218BD751-381E-4724-9DC6-75E93C7D492D}
	EndGlobalSection
EndGlobal
